
Microsoft Visual Studio Solution File, Format Version 12.00
# Visual Studio Version 16
VisualStudioVersion = 16.0.31019.35
MinimumVisualStudioVersion = 10.0.40219.1
Project("{FAE04EC0-301F-11D3-BF4B-00C04F79EFBC}") = "Blazor_League", "Blazor_League\Blazor_League.csproj", "{6D225797-E118-4494-AA72-57F58DBF6B24}"
EndProject
Project("{FAE04EC0-301F-11D3-BF4B-00C04F79EFBC}") = "DataLibrary", "DataLibrary\DataLibrary.csproj", "{BB169493-94B0-4685-B4D9-BD101FB00F35}"
EndProject
Global
	GlobalSection(SolutionConfigurationPlatforms) = preSolution
		Debug|Any CPU = Debug|Any CPU
		Release|Any CPU = Release|Any CPU
	EndGlobalSection
	GlobalSection(ProjectConfigurationPlatforms) = postSolution
		{6D225797-E118-4494-AA72-57F58DBF6B24}.Debug|Any CPU.ActiveCfg = Debug|Any CPU
		{6D225797-E118-4494-AA72-57F58DBF6B24}.Debug|Any CPU.Build.0 = Debug|Any CPU
		{6D225797-E118-4494-AA72-57F58DBF6B24}.Release|Any CPU.ActiveCfg = Release|Any CPU
		{6D225797-E118-4494-AA72-57F58DBF6B24}.Release|Any CPU.Build.0 = Release|Any CPU
		{BB169493-94B0-4685-B4D9-BD101FB00F35}.Debug|Any CPU.ActiveCfg = Debug|Any CPU
		{BB169493-94B0-4685-B4D9-BD101FB00F35}.Debug|Any CPU.Build.0 = Debug|Any CPU
		{BB169493-94B0-4685-B4D9-BD101FB00F35}.Release|Any CPU.ActiveCfg = Release|Any CPU
		{BB169493-94B0-4685-B4D9-BD101FB00F35}.Release|Any CPU.Build.0 = Release|Any CPU
	EndGlobalSection
	GlobalSection(SolutionProperties) = preSolution
		HideSolutionNode = FALSE
	EndGlobalSection
	GlobalSection(ExtensibilityGlobals) = postSolution
		SolutionGuid = {CA29BEDF-7B84-4549-9511-0CF25A540378}
	EndGlobalSection
EndGlobal
